
Microsoft Visual Studio Solution File, Format Version 12.00
# Visual Studio Version 17
VisualStudioVersion = 17.7.34202.233
MinimumVisualStudioVersion = 10.0.40219.1
Project("{FAE04EC0-301F-11D3-BF4B-00C04F79EFBC}") = "zrcalculadora.Android", "zrcalculadora.Android\zrcalculadora.Android.csproj", "{515FAF48-3CC6-41E7-B505-8D1F7BE9BE8F}"
EndProject
Project("{FAE04EC0-301F-11D3-BF4B-00C04F79EFBC}") = "zrcalculadora.iOS", "zrcalculadora.iOS\zrcalculadora.iOS.csproj", "{631C4682-9873-43AE-8256-2D9716651ED4}"
EndProject
Project("{FAE04EC0-301F-11D3-BF4B-00C04F79EFBC}") = "zrcalculadora", "zrcalculadora\zrcalculadora.csproj", "{472F4337-BDE6-4D3F-BCA1-21D5E6953B9B}"
EndProject
Global
	GlobalSection(SolutionConfigurationPlatforms) = preSolution
		Debug|Any CPU = Debug|Any CPU
		Debug|iPhone = Debug|iPhone
		Debug|iPhoneSimulator = Debug|iPhoneSimulator
		Release|Any CPU = Release|Any CPU
		Release|iPhone = Release|iPhone
		Release|iPhoneSimulator = Release|iPhoneSimulator
	EndGlobalSection
	GlobalSection(ProjectConfigurationPlatforms) = postSolution
		{515FAF48-3CC6-41E7-B505-8D1F7BE9BE8F}.Debug|Any CPU.ActiveCfg = Debug|Any CPU
		{515FAF48-3CC6-41E7-B505-8D1F7BE9BE8F}.Debug|Any CPU.Build.0 = Debug|Any CPU
		{515FAF48-3CC6-41E7-B505-8D1F7BE9BE8F}.Debug|Any CPU.Deploy.0 = Debug|Any CPU
		{515FAF48-3CC6-41E7-B505-8D1F7BE9BE8F}.Debug|iPhone.ActiveCfg = Debug|Any CPU
		{515FAF48-3CC6-41E7-B505-8D1F7BE9BE8F}.Debug|iPhone.Build.0 = Debug|Any CPU
		{515FAF48-3CC6-41E7-B505-8D1F7BE9BE8F}.Debug|iPhone.Deploy.0 = Debug|Any CPU
		{515FAF48-3CC6-41E7-B505-8D1F7BE9BE8F}.Debug|iPhoneSimulator.ActiveCfg = Debug|Any CPU
		{515FAF48-3CC6-41E7-B505-8D1F7BE9BE8F}.Debug|iPhoneSimulator.Build.0 = Debug|Any CPU
		{515FAF48-3CC6-41E7-B505-8D1F7BE9BE8F}.Debug|iPhoneSimulator.Deploy.0 = Debug|Any CPU
		{515FAF48-3CC6-41E7-B505-8D1F7BE9BE8F}.Release|Any CPU.ActiveCfg = Release|Any CPU
		{515FAF48-3CC6-41E7-B505-8D1F7BE9BE8F}.Release|Any CPU.Build.0 = Release|Any CPU
		{515FAF48-3CC6-41E7-B505-8D1F7BE9BE8F}.Release|Any CPU.Deploy.0 = Release|Any CPU
		{515FAF48-3CC6-41E7-B505-8D1F7BE9BE8F}.Release|iPhone.ActiveCfg = Release|Any CPU
		{515FAF48-3CC6-41E7-B505-8D1F7BE9BE8F}.Release|iPhone.Build.0 = Release|Any CPU
		{515FAF48-3CC6-41E7-B505-8D1F7BE9BE8F}.Release|iPhone.Deploy.0 = Release|Any CPU
		{515FAF48-3CC6-41E7-B505-8D1F7BE9BE8F}.Release|iPhoneSimulator.ActiveCfg = Release|Any CPU
		{515FAF48-3CC6-41E7-B505-8D1F7BE9BE8F}.Release|iPhoneSimulator.Build.0 = Release|Any CPU
		{515FAF48-3CC6-41E7-B505-8D1F7BE9BE8F}.Release|iPhoneSimulator.Deploy.0 = Release|Any CPU
		{631C4682-9873-43AE-8256-2D9716651ED4}.Debug|Any CPU.ActiveCfg = Debug|iPhone
		{631C4682-9873-43AE-8256-2D9716651ED4}.Debug|Any CPU.Build.0 = Debug|iPhone
		{631C4682-9873-43AE-8256-2D9716651ED4}.Debug|Any CPU.Deploy.0 = Debug|iPhone
		{631C4682-9873-43AE-8256-2D9716651ED4}.Debug|iPhone.ActiveCfg = Debug|iPhone
		{631C4682-9873-43AE-8256-2D9716651ED4}.Debug|iPhone.Build.0 = Debug|iPhone
		{631C4682-9873-43AE-8256-2D9716651ED4}.Debug|iPhone.Deploy.0 = Debug|iPhone
		{631C4682-9873-43AE-8256-2D9716651ED4}.Debug|iPhoneSimulator.ActiveCfg = Debug|iPhoneSimulator
		{631C4682-9873-43AE-8256-2D9716651ED4}.Debug|iPhoneSimulator.Build.0 = Debug|iPhoneSimulator
		{631C4682-9873-43AE-8256-2D9716651ED4}.Debug|iPhoneSimulator.Deploy.0 = Debug|iPhoneSimulator
		{631C4682-9873-43AE-8256-2D9716651ED4}.Release|Any CPU.ActiveCfg = Release|iPhoneSimulator
		{631C4682-9873-43AE-8256-2D9716651ED4}.Release|Any CPU.Build.0 = Release|iPhoneSimulator
		{631C4682-9873-43AE-8256-2D9716651ED4}.Release|Any CPU.Deploy.0 = Release|iPhoneSimulator
		{631C4682-9873-43AE-8256-2D9716651ED4}.Release|iPhone.ActiveCfg = Release|iPhone
		{631C4682-9873-43AE-8256-2D9716651ED4}.Release|iPhone.Build.0 = Release|iPhone
		{631C4682-9873-43AE-8256-2D9716651ED4}.Release|iPhone.Deploy.0 = Release|iPhone
		{631C4682-9873-43AE-8256-2D9716651ED4}.Release|iPhoneSimulator.ActiveCfg = Release|iPhoneSimulator
		{631C4682-9873-43AE-8256-2D9716651ED4}.Release|iPhoneSimulator.Build.0 = Release|iPhoneSimulator
		{631C4682-9873-43AE-8256-2D9716651ED4}.Release|iPhoneSimulator.Deploy.0 = Release|iPhoneSimulator
		{472F4337-BDE6-4D3F-BCA1-21D5E6953B9B}.Debug|Any CPU.ActiveCfg = Debug|Any CPU
		{472F4337-BDE6-4D3F-BCA1-21D5E6953B9B}.Debug|Any CPU.Build.0 = Debug|Any CPU
		{472F4337-BDE6-4D3F-BCA1-21D5E6953B9B}.Debug|Any CPU.Deploy.0 = Debug|Any CPU
		{472F4337-BDE6-4D3F-BCA1-21D5E6953B9B}.Debug|iPhone.ActiveCfg = Debug|Any CPU
		{472F4337-BDE6-4D3F-BCA1-21D5E6953B9B}.Debug|iPhone.Build.0 = Debug|Any CPU
		{472F4337-BDE6-4D3F-BCA1-21D5E6953B9B}.Debug|iPhone.Deploy.0 = Debug|Any CPU
		{472F4337-BDE6-4D3F-BCA1-21D5E6953B9B}.Debug|iPhoneSimulator.ActiveCfg = Debug|Any CPU
		{472F4337-BDE6-4D3F-BCA1-21D5E6953B9B}.Debug|iPhoneSimulator.Build.0 = Debug|Any CPU
		{472F4337-BDE6-4D3F-BCA1-21D5E6953B9B}.Debug|iPhoneSimulator.Deploy.0 = Debug|Any CPU
		{472F4337-BDE6-4D3F-BCA1-21D5E6953B9B}.Release|Any CPU.ActiveCfg = Release|Any CPU
		{472F4337-BDE6-4D3F-BCA1-21D5E6953B9B}.Release|Any CPU.Build.0 = Release|Any CPU
		{472F4337-BDE6-4D3F-BCA1-21D5E6953B9B}.Release|Any CPU.Deploy.0 = Release|Any CPU
		{472F4337-BDE6-4D3F-BCA1-21D5E6953B9B}.Release|iPhone.ActiveCfg = Release|Any CPU
		{472F4337-BDE6-4D3F-BCA1-21D5E6953B9B}.Release|iPhone.Build.0 = Release|Any CPU
		{472F4337-BDE6-4D3F-BCA1-21D5E6953B9B}.Release|iPhone.Deploy.0 = Release|Any CPU
		{472F4337-BDE6-4D3F-BCA1-21D5E6953B9B}.Release|iPhoneSimulator.ActiveCfg = Release|Any CPU
		{472F4337-BDE6-4D3F-BCA1-21D5E6953B9B}.Release|iPhoneSimulator.Build.0 = Release|Any CPU
		{472F4337-BDE6-4D3F-BCA1-21D5E6953B9B}.Release|iPhoneSimulator.Deploy.0 = Release|Any CPU
	EndGlobalSection
	GlobalSection(SolutionProperties) = preSolution
		HideSolutionNode = FALSE
	EndGlobalSection
	GlobalSection(ExtensibilityGlobals) = postSolution
		SolutionGuid = {198A9B47-21A3-41E8-8689-105563AFC759}
	EndGlobalSection
EndGlobal
